// !$*UTF8*$!
{
	archiveVersion = 1;
	classes = {
	};
	objectVersion = 46;
	objects = {

/* Begin PBXBuildFile section */
		3F76D90B1E4FD7AD00155DD3 /* AppDelegate.swift in Sources */ = {isa = PBXBuildFile; fileRef = 3F76D90A1E4FD7AD00155DD3 /* AppDelegate.swift */; };
		3F76D90E1E4FD7AD00155DD3 /* Organizer_s_Toolkit.xcdatamodeld in Sources */ = {isa = PBXBuildFile; fileRef = 3F76D90C1E4FD7AD00155DD3 /* Organizer_s_Toolkit.xcdatamodeld */; };
		3F76D9101E4FD7AD00155DD3 /* MasterViewController.swift in Sources */ = {isa = PBXBuildFile; fileRef = 3F76D90F1E4FD7AD00155DD3 /* MasterViewController.swift */; };
		3F76D9121E4FD7AD00155DD3 /* DetailViewController.swift in Sources */ = {isa = PBXBuildFile; fileRef = 3F76D9111E4FD7AD00155DD3 /* DetailViewController.swift */; };
		3F76D9151E4FD7AD00155DD3 /* Main.storyboard in Resources */ = {isa = PBXBuildFile; fileRef = 3F76D9131E4FD7AD00155DD3 /* Main.storyboard */; };
		3F76D9171E4FD7AD00155DD3 /* Images.xcassets in Resources */ = {isa = PBXBuildFile; fileRef = 3F76D9161E4FD7AD00155DD3 /* Images.xcassets */; };
		3F76D91A1E4FD7AD00155DD3 /* LaunchScreen.xib in Resources */ = {isa = PBXBuildFile; fileRef = 3F76D9181E4FD7AD00155DD3 /* LaunchScreen.xib */; };
		3F76D9261E4FD7AD00155DD3 /* Organizer_s_ToolkitTests.swift in Sources */ = {isa = PBXBuildFile; fileRef = 3F76D9251E4FD7AD00155DD3 /* Organizer_s_ToolkitTests.swift */; };
/* End PBXBuildFile section */

/* Begin PBXContainerItemProxy section */
		3F76D9201E4FD7AD00155DD3 /* PBXContainerItemProxy */ = {
			isa = PBXContainerItemProxy;
			containerPortal = 3F76D8FD1E4FD7AC00155DD3 /* Project object */;
			proxyType = 1;
			remoteGlobalIDString = 3F76D9041E4FD7AD00155DD3;
			remoteInfo = "Organizer's Toolkit";
		};
/* End PBXContainerItemProxy section */

/* Begin PBXFileReference section */
		3F76D9051E4FD7AD00155DD3 /* Organizer's Toolkit.app */ = {isa = PBXFileReference; explicitFileType = wrapper.application; includeInIndex = 0; path = "Organizer's Toolkit.app"; sourceTree = BUILT_PRODUCTS_DIR; };
		3F76D9091E4FD7AD00155DD3 /* Info.plist */ = {isa = PBXFileReference; lastKnownFileType = text.plist.xml; path = Info.plist; sourceTree = "<group>"; };
		3F76D90A1E4FD7AD00155DD3 /* AppDelegate.swift */ = {isa = PBXFileReference; lastKnownFileType = sourcecode.swift; path = AppDelegate.swift; sourceTree = "<group>"; };
		3F76D90D1E4FD7AD00155DD3 /* Organizer_s_Toolkit.xcdatamodel */ = {isa = PBXFileReference; lastKnownFileType = wrapper.xcdatamodel; path = Organizer_s_Toolkit.xcdatamodel; sourceTree = "<group>"; };
		3F76D90F1E4FD7AD00155DD3 /* MasterViewController.swift */ = {isa = PBXFileReference; lastKnownFileType = sourcecode.swift; path = MasterViewController.swift; sourceTree = "<group>"; };
		3F76D9111E4FD7AD00155DD3 /* DetailViewController.swift */ = {isa = PBXFileReference; lastKnownFileType = sourcecode.swift; path = DetailViewController.swift; sourceTree = "<group>"; };
		3F76D9141E4FD7AD00155DD3 /* Base */ = {isa = PBXFileReference; lastKnownFileType = file.storyboard; name = Base; path = Base.lproj/Main.storyboard; sourceTree = "<group>"; };
		3F76D9161E4FD7AD00155DD3 /* Images.xcassets */ = {isa = PBXFileReference; lastKnownFileType = folder.assetcatalog; path = Images.xcassets; sourceTree = "<group>"; };
		3F76D9191E4FD7AD00155DD3 /* Base */ = {isa = PBXFileReference; lastKnownFileType = file.xib; name = Base; path = Base.lproj/LaunchScreen.xib; sourceTree = "<group>"; };
		3F76D91F1E4FD7AD00155DD3 /* Organizer's ToolkitTests.xctest */ = {isa = PBXFileReference; explicitFileType = wrapper.cfbundle; includeInIndex = 0; path = "Organizer's ToolkitTests.xctest"; sourceTree = BUILT_PRODUCTS_DIR; };
		3F76D9241E4FD7AD00155DD3 /* Info.plist */ = {isa = PBXFileReference; lastKnownFileType = text.plist.xml; path = Info.plist; sourceTree = "<group>"; };
		3F76D9251E4FD7AD00155DD3 /* Organizer_s_ToolkitTests.swift */ = {isa = PBXFileReference; lastKnownFileType = sourcecode.swift; path = Organizer_s_ToolkitTests.swift; sourceTree = "<group>"; };
/* End PBXFileReference section */

/* Begin PBXFrameworksBuildPhase section */
		3F76D9021E4FD7AD00155DD3 /* Frameworks */ = {
			isa = PBXFrameworksBuildPhase;
			buildActionMask = 2147483647;
			files = (
			);
			runOnlyForDeploymentPostprocessing = 0;
		};
		3F76D91C1E4FD7AD00155DD3 /* Frameworks */ = {
			isa = PBXFrameworksBuildPhase;
			buildActionMask = 2147483647;
			files = (
			);
			runOnlyForDeploymentPostprocessing = 0;
		};
/* End PBXFrameworksBuildPhase section */

/* Begin PBXGroup section */
		3F76D8FC1E4FD7AC00155DD3 = {
			isa = PBXGroup;
			children = (
				3F76D9071E4FD7AD00155DD3 /* Organizer's Toolkit */,
				3F76D9221E4FD7AD00155DD3 /* Organizer's ToolkitTests */,
				3F76D9061E4FD7AD00155DD3 /* Products */,
			);
			sourceTree = "<group>";
		};
		3F76D9061E4FD7AD00155DD3 /* Products */ = {
			isa = PBXGroup;
			children = (
				3F76D9051E4FD7AD00155DD3 /* Organizer's Toolkit.app */,
				3F76D91F1E4FD7AD00155DD3 /* Organizer's ToolkitTests.xctest */,
			);
			name = Products;
			sourceTree = "<group>";
		};
		3F76D9071E4FD7AD00155DD3 /* Organizer's Toolkit */ = {
			isa = PBXGroup;
			children = (
				3F76D90A1E4FD7AD00155DD3 /* AppDelegate.swift */,
				3F76D90F1E4FD7AD00155DD3 /* MasterViewController.swift */,
				3F76D9111E4FD7AD00155DD3 /* DetailViewController.swift */,
				3F76D9131E4FD7AD00155DD3 /* Main.storyboard */,
				3F76D9161E4FD7AD00155DD3 /* Images.xcassets */,
				3F76D9181E4FD7AD00155DD3 /* LaunchScreen.xib */,
				3F76D90C1E4FD7AD00155DD3 /* Organizer_s_Toolkit.xcdatamodeld */,
				3F76D9081E4FD7AD00155DD3 /* Supporting Files */,
			);
			path = "Organizer's Toolkit";
			sourceTree = "<group>";
		};
		3F76D9081E4FD7AD00155DD3 /* Supporting Files */ = {
			isa = PBXGroup;
			children = (
				3F76D9091E4FD7AD00155DD3 /* Info.plist */,
			);
			name = "Supporting Files";
			sourceTree = "<group>";
		};
		3F76D9221E4FD7AD00155DD3 /* Organizer's ToolkitTests */ = {
			isa = PBXGroup;
			children = (
				3F76D9251E4FD7AD00155DD3 /* Organizer_s_ToolkitTests.swift */,
				3F76D9231E4FD7AD00155DD3 /* Supporting Files */,
			);
			path = "Organizer's ToolkitTests";
			sourceTree = "<group>";
		};
		3F76D9231E4FD7AD00155DD3 /* Supporting Files */ = {
			isa = PBXGroup;
			children = (
				3F76D9241E4FD7AD00155DD3 /* Info.plist */,
			);
			name = "Supporting Files";
			sourceTree = "<group>";
		};
/* End PBXGroup section */

/* Begin PBXNativeTarget section */
		3F76D9041E4FD7AD00155DD3 /* Organizer's Toolkit */ = {
			isa = PBXNativeTarget;
			buildConfigurationList = 3F76D9291E4FD7AD00155DD3 /* Build configuration list for PBXNativeTarget "Organizer's Toolkit" */;
			buildPhases = (
				3F76D9011E4FD7AD00155DD3 /* Sources */,
				3F76D9021E4FD7AD00155DD3 /* Frameworks */,
				3F76D9031E4FD7AD00155DD3 /* Resources */,
			);
			buildRules = (
			);
			dependencies = (
			);
			name = "Organizer's Toolkit";
			productName = "Organizer's Toolkit";
			productReference = 3F76D9051E4FD7AD00155DD3 /* Organizer's Toolkit.app */;
			productType = "com.apple.product-type.application";
		};
		3F76D91E1E4FD7AD00155DD3 /* Organizer's ToolkitTests */ = {
			isa = PBXNativeTarget;
			buildConfigurationList = 3F76D92C1E4FD7AD00155DD3 /* Build configuration list for PBXNativeTarget "Organizer's ToolkitTests" */;
			buildPhases = (
				3F76D91B1E4FD7AD00155DD3 /* Sources */,
				3F76D91C1E4FD7AD00155DD3 /* Frameworks */,
				3F76D91D1E4FD7AD00155DD3 /* Resources */,
			);
			buildRules = (
			);
			dependencies = (
				3F76D9211E4FD7AD00155DD3 /* PBXTargetDependency */,
			);
			name = "Organizer's ToolkitTests";
			productName = "Organizer's ToolkitTests";
			productReference = 3F76D91F1E4FD7AD00155DD3 /* Organizer's ToolkitTests.xctest */;
			productType = "com.apple.product-type.bundle.unit-test";
		};
/* End PBXNativeTarget section */

/* Begin PBXProject section */
		3F76D8FD1E4FD7AC00155DD3 /* Project object */ = {
			isa = PBXProject;
			attributes = {
				LastUpgradeCheck = 0640;
				ORGANIZATIONNAME = "Duncan and Andy and Paul";
				TargetAttributes = {
					3F76D9041E4FD7AD00155DD3 = {
						CreatedOnToolsVersion = 6.4;
					};
					3F76D91E1E4FD7AD00155DD3 = {
						CreatedOnToolsVersion = 6.4;
						TestTargetID = 3F76D9041E4FD7AD00155DD3;
					};
				};
			};
			buildConfigurationList = 3F76D9001E4FD7AC00155DD3 /* Build configuration list for PBXProject "Organizer's Toolkit" */;
			compatibilityVersion = "Xcode 3.2";
			developmentRegion = English;
			hasScannedForEncodings = 0;
			knownRegions = (
				en,
				Base,
			);
			mainGroup = 3F76D8FC1E4FD7AC00155DD3;
			productRefGroup = 3F76D9061E4FD7AD00155DD3 /* Products */;
			projectDirPath = "";
			projectRoot = "";
			targets = (
				3F76D9041E4FD7AD00155DD3 /* Organizer's Toolkit */,
				3F76D91E1E4FD7AD00155DD3 /* Organizer's ToolkitTests */,
			);
		};
/* End PBXProject section */

/* Begin PBXResourcesBuildPhase section */
		3F76D9031E4FD7AD00155DD3 /* Resources */ = {
			isa = PBXResourcesBuildPhase;
			buildActionMask = 2147483647;
			files = (
				3F76D9151E4FD7AD00155DD3 /* Main.storyboard in Resources */,
				3F76D91A1E4FD7AD00155DD3 /* LaunchScreen.xib in Resources */,
				3F76D9171E4FD7AD00155DD3 /* Images.xcassets in Resources */,
			);
			runOnlyForDeploymentPostprocessing = 0;
		};
		3F76D91D1E4FD7AD00155DD3 /* Resources */ = {
			isa = PBXResourcesBuildPhase;
			buildActionMask = 2147483647;
			files = (
			);
			runOnlyForDeploymentPostprocessing = 0;
		};
/* End PBXResourcesBuildPhase section */

/* Begin PBXSourcesBuildPhase section */
		3F76D9011E4FD7AD00155DD3 /* Sources */ = {
			isa = PBXSourcesBuildPhase;
			buildActionMask = 2147483647;
			files = (
				3F76D90E1E4FD7AD00155DD3 /* Organizer_s_Toolkit.xcdatamodeld in Sources */,
				3F76D90B1E4FD7AD00155DD3 /* AppDelegate.swift in Sources */,
				3F76D9101E4FD7AD00155DD3 /* MasterViewController.swift in Sources */,
				3F76D9121E4FD7AD00155DD3 /* DetailViewController.swift in Sources */,
			);
			runOnlyForDeploymentPostprocessing = 0;
		};
		3F76D91B1E4FD7AD00155DD3 /* Sources */ = {
			isa = PBXSourcesBuildPhase;
			buildActionMask = 2147483647;
			files = (
				3F76D9261E4FD7AD00155DD3 /* Organizer_s_ToolkitTests.swift in Sources */,
			);
			runOnlyForDeploymentPostprocessing = 0;
		};
/* End PBXSourcesBuildPhase section */

/* Begin PBXTargetDependency section */
		3F76D9211E4FD7AD00155DD3 /* PBXTargetDependency */ = {
			isa = PBXTargetDependency;
			target = 3F76D9041E4FD7AD00155DD3 /* Organizer's Toolkit */;
			targetProxy = 3F76D9201E4FD7AD00155DD3 /* PBXContainerItemProxy */;
		};
/* End PBXTargetDependency section */

/* Begin PBXVariantGroup section */
		3F76D9131E4FD7AD00155DD3 /* Main.storyboard */ = {
			isa = PBXVariantGroup;
			children = (
				3F76D9141E4FD7AD00155DD3 /* Base */,
			);
			name = Main.storyboard;
			sourceTree = "<group>";
		};
		3F76D9181E4FD7AD00155DD3 /* LaunchScreen.xib */ = {
			isa = PBXVariantGroup;
			children = (
				3F76D9191E4FD7AD00155DD3 /* Base */,
			);
			name = LaunchScreen.xib;
			sourceTree = "<group>";
		};
/* End PBXVariantGroup section */

/* Begin XCBuildConfiguration section */
		3F76D9271E4FD7AD00155DD3 /* Debug */ = {
			isa = XCBuildConfiguration;
			buildSettings = {
				ALWAYS_SEARCH_USER_PATHS = NO;
				CLANG_CXX_LANGUAGE_STANDARD = "gnu++0x";
				CLANG_CXX_LIBRARY = "libc++";
				CLANG_ENABLE_MODULES = YES;
				CLANG_ENABLE_OBJC_ARC = YES;
				CLANG_WARN_BOOL_CONVERSION = YES;
				CLANG_WARN_CONSTANT_CONVERSION = YES;
				CLANG_WARN_DIRECT_OBJC_ISA_USAGE = YES_ERROR;
				CLANG_WARN_EMPTY_BODY = YES;
				CLANG_WARN_ENUM_CONVERSION = YES;
				CLANG_WARN_INT_CONVERSION = YES;
				CLANG_WARN_OBJC_ROOT_CLASS = YES_ERROR;
				CLANG_WARN_UNREACHABLE_CODE = YES;
				CLANG_WARN__DUPLICATE_METHOD_MATCH = YES;
				"CODE_SIGN_IDENTITY[sdk=iphoneos*]" = "iPhone Developer";
				COPY_PHASE_STRIP = NO;
				DEBUG_INFORMATION_FORMAT = "dwarf-with-dsym";
				ENABLE_STRICT_OBJC_MSGSEND = YES;
				GCC_C_LANGUAGE_STANDARD = gnu99;
				GCC_DYNAMIC_NO_PIC = NO;
				GCC_NO_COMMON_BLOCKS = YES;
				GCC_OPTIMIZATION_LEVEL = 0;
				GCC_PREPROCESSOR_DEFINITIONS = (
					"DEBUG=1",
					"$(inherited)",
				);
				GCC_SYMBOLS_PRIVATE_EXTERN = NO;
				GCC_WARN_64_TO_32_BIT_CONVERSION = YES;
				GCC_WARN_ABOUT_RETURN_TYPE = YES_ERROR;
				GCC_WARN_UNDECLARED_SELECTOR = YES;
				GCC_WARN_UNINITIALIZED_AUTOS = YES_AGGRESSIVE;
				GCC_WARN_UNUSED_FUNCTION = YES;
				GCC_WARN_UNUSED_VARIABLE = YES;
				IPHONEOS_DEPLOYMENT_TARGET = 8.4;
				MTL_ENABLE_DEBUG_INFO = YES;
				ONLY_ACTIVE_ARCH = YES;
				SDKROOT = iphoneos;
				SWIFT_OPTIMIZATION_LEVEL = "-Onone";
			};
			name = Debug;
		};
		3F76D9281E4FD7AD00155DD3 /* Release */ = {
			isa = XCBuildConfiguration;
			buildSettings = {
				ALWAYS_SEARCH_USER_PATHS = NO;
				CLANG_CXX_LANGUAGE_STANDARD = "gnu++0x";
				CLANG_CXX_LIBRARY = "libc++";
				CLANG_ENABLE_MODULES = YES;
				CLANG_ENABLE_OBJC_ARC = YES;
				CLANG_WARN_BOOL_CONVERSION = YES;
				CLANG_WARN_CONSTANT_CONVERSION = YES;
				CLANG_WARN_DIRECT_OBJC_ISA_USAGE = YES_ERROR;
				CLANG_WARN_EMPTY_BODY = YES;
				CLANG_WARN_ENUM_CONVERSION = YES;
				CLANG_WARN_INT_CONVERSION = YES;
				CLANG_WARN_OBJC_ROOT_CLASS = YES_ERROR;
				CLANG_WARN_UNREACHABLE_CODE = YES;
				CLANG_WARN__DUPLICATE_METHOD_MATCH = YES;
				"CODE_SIGN_IDENTITY[sdk=iphoneos*]" = "iPhone Developer";
				COPY_PHASE_STRIP = NO;
				DEBUG_INFORMATION_FORMAT = "dwarf-with-dsym";
				ENABLE_NS_ASSERTIONS = NO;
				ENABLE_STRICT_OBJC_MSGSEND = YES;
				GCC_C_LANGUAGE_STANDARD = gnu99;
				GCC_NO_COMMON_BLOCKS = YES;
				GCC_WARN_64_TO_32_BIT_CONVERSION = YES;
				GCC_WARN_ABOUT_RETURN_TYPE = YES_ERROR;
				GCC_WARN_UNDECLARED_SELECTOR = YES;
				GCC_WARN_UNINITIALIZED_AUTOS = YES_AGGRESSIVE;
				GCC_WARN_UNUSED_FUNCTION = YES;
				GCC_WARN_UNUSED_VARIABLE = YES;
				IPHONEOS_DEPLOYMENT_TARGET = 8.4;
				MTL_ENABLE_DEBUG_INFO = NO;
				SDKROOT = iphoneos;
				VALIDATE_PRODUCT = YES;
			};
			name = Release;
		};
		3F76D92A1E4FD7AD00155DD3 /* Debug */ = {
			isa = XCBuildConfiguration;
			buildSettings = {
				ASSETCATALOG_COMPILER_APPICON_NAME = AppIcon;
				INFOPLIST_FILE = "Organizer's Toolkit/Info.plist";
				LD_RUNPATH_SEARCH_PATHS = "$(inherited) @executable_path/Frameworks";
				PRODUCT_NAME = "$(TARGET_NAME)";
			};
			name = Debug;
		};
		3F76D92B1E4FD7AD00155DD3 /* Release */ = {
			isa = XCBuildConfiguration;
			buildSettings = {
				ASSETCATALOG_COMPILER_APPICON_NAME = AppIcon;
				INFOPLIST_FILE = "Organizer's Toolkit/Info.plist";
				LD_RUNPATH_SEARCH_PATHS = "$(inherited) @executable_path/Frameworks";
				PRODUCT_NAME = "$(TARGET_NAME)";
			};
			name = Release;
		};
		3F76D92D1E4FD7AD00155DD3 /* Debug */ = {
			isa = XCBuildConfiguration;
			buildSettings = {
				BUNDLE_LOADER = "$(TEST_HOST)";
				FRAMEWORK_SEARCH_PATHS = (
					"$(SDKROOT)/Developer/Library/Frameworks",
					"$(inherited)",
				);
				GCC_PREPROCESSOR_DEFINITIONS = (
					"DEBUG=1",
					"$(inherited)",
				);
				INFOPLIST_FILE = "Organizer's ToolkitTests/Info.plist";
				LD_RUNPATH_SEARCH_PATHS = "$(inherited) @executable_path/Frameworks @loader_path/Frameworks";
				PRODUCT_NAME = "$(TARGET_NAME)";
				TEST_HOST = "$(BUILT_PRODUCTS_DIR)/Organizer's Toolkit.app/Organizer's Toolkit";
			};
			name = Debug;
		};
		3F76D92E1E4FD7AD00155DD3 /* Release */ = {
			isa = XCBuildConfiguration;
			buildSettings = {
				BUNDLE_LOADER = "$(TEST_HOST)";
				FRAMEWORK_SEARCH_PATHS = (
					"$(SDKROOT)/Developer/Library/Frameworks",
					"$(inherited)",
				);
				INFOPLIST_FILE = "Organizer's ToolkitTests/Info.plist";
				LD_RUNPATH_SEARCH_PATHS = "$(inherited) @executable_path/Frameworks @loader_path/Frameworks";
				PRODUCT_NAME = "$(TARGET_NAME)";
				TEST_HOST = "$(BUILT_PRODUCTS_DIR)/Organizer's Toolkit.app/Organizer's Toolkit";
			};
			name = Release;
		};
/* End XCBuildConfiguration section */

/* Begin XCConfigurationList section */
		3F76D9001E4FD7AC00155DD3 /* Build configuration list for PBXProject "Organizer's Toolkit" */ = {
			isa = XCConfigurationList;
			buildConfigurations = (
				3F76D9271E4FD7AD00155DD3 /* Debug */,
				3F76D9281E4FD7AD00155DD3 /* Release */,
			);
			defaultConfigurationIsVisible = 0;
			defaultConfigurationName = Release;
		};
		3F76D9291E4FD7AD00155DD3 /* Build configuration list for PBXNativeTarget "Organizer's Toolkit" */ = {
			isa = XCConfigurationList;
			buildConfigurations = (
				3F76D92A1E4FD7AD00155DD3 /* Debug */,
				3F76D92B1E4FD7AD00155DD3 /* Release */,
			);
			defaultConfigurationIsVisible = 0;
		};
		3F76D92C1E4FD7AD00155DD3 /* Build configuration list for PBXNativeTarget "Organizer's ToolkitTests" */ = {
			isa = XCConfigurationList;
			buildConfigurations = (
				3F76D92D1E4FD7AD00155DD3 /* Debug */,
				3F76D92E1E4FD7AD00155DD3 /* Release */,
			);
			defaultConfigurationIsVisible = 0;
		};
/* End XCConfigurationList section */

/* Begin XCVersionGroup section */
		3F76D90C1E4FD7AD00155DD3 /* Organizer_s_Toolkit.xcdatamodeld */ = {
			isa = XCVersionGroup;
			children = (
				3F76D90D1E4FD7AD00155DD3 /* Organizer_s_Toolkit.xcdatamodel */,
			);
			currentVersion = 3F76D90D1E4FD7AD00155DD3 /* Organizer_s_Toolkit.xcdatamodel */;
			path = Organizer_s_Toolkit.xcdatamodeld;
			sourceTree = "<group>";
			versionGroupType = wrapper.xcdatamodel;
		};
/* End XCVersionGroup section */
	};
	rootObject = 3F76D8FD1E4FD7AC00155DD3 /* Project object */;
}
