// !$*UTF8*$!
{
	archiveVersion = 1;
	classes = {
	};
	objectVersion = 46;
	objects = {

/* Begin PBXBuildFile section */
		22354CCAA3C2FB18B1F55649 /* Pods_o_toolkitTests.framework in Frameworks */ = {isa = PBXBuildFile; fileRef = 886F2ED27098D4963E9D8341 /* Pods_o_toolkitTests.framework */; };
		36605A7D5FD2E99894366BE4 /* Pods_o_toolkitUITests.framework in Frameworks */ = {isa = PBXBuildFile; fileRef = 1C9135AAB7BD7F82FC9C0435 /* Pods_o_toolkitUITests.framework */; };
		3F26CCD11E59028D0016CFC8 /* AppDelegate.swift in Sources */ = {isa = PBXBuildFile; fileRef = 3F26CCD01E59028D0016CFC8 /* AppDelegate.swift */; };
		3F26CCD31E59028D0016CFC8 /* ViewController.swift in Sources */ = {isa = PBXBuildFile; fileRef = 3F26CCD21E59028D0016CFC8 /* ViewController.swift */; };
		3F26CCD61E59028D0016CFC8 /* Main.storyboard in Resources */ = {isa = PBXBuildFile; fileRef = 3F26CCD41E59028D0016CFC8 /* Main.storyboard */; };
		3F26CCD91E59028D0016CFC8 /* o_toolkit.xcdatamodeld in Sources */ = {isa = PBXBuildFile; fileRef = 3F26CCD71E59028D0016CFC8 /* o_toolkit.xcdatamodeld */; };
		3F26CCDB1E59028D0016CFC8 /* Assets.xcassets in Resources */ = {isa = PBXBuildFile; fileRef = 3F26CCDA1E59028D0016CFC8 /* Assets.xcassets */; };
		3F26CCDE1E59028D0016CFC8 /* LaunchScreen.storyboard in Resources */ = {isa = PBXBuildFile; fileRef = 3F26CCDC1E59028D0016CFC8 /* LaunchScreen.storyboard */; };
		3F26CCE91E59028D0016CFC8 /* o_toolkitTests.swift in Sources */ = {isa = PBXBuildFile; fileRef = 3F26CCE81E59028D0016CFC8 /* o_toolkitTests.swift */; };
		3F26CCF41E59028D0016CFC8 /* o_toolkitUITests.swift in Sources */ = {isa = PBXBuildFile; fileRef = 3F26CCF31E59028D0016CFC8 /* o_toolkitUITests.swift */; };
		3F2DCDEE1E62460900B32F8F /* OrgPageViewController.swift in Sources */ = {isa = PBXBuildFile; fileRef = 3F2DCDED1E62460900B32F8F /* OrgPageViewController.swift */; };
		3F38D9671E590A8E00863AD9 /* SignUpController.swift in Sources */ = {isa = PBXBuildFile; fileRef = 3F38D9661E590A8E00863AD9 /* SignUpController.swift */; };
		3F38D96B1E591C8800863AD9 /* ToolTableViewController.swift in Sources */ = {isa = PBXBuildFile; fileRef = 3F38D96A1E591C8800863AD9 /* ToolTableViewController.swift */; };
		3F38D96D1E5921CB00863AD9 /* GoogleService-Info.plist in Resources */ = {isa = PBXBuildFile; fileRef = 3F38D96C1E5921CB00863AD9 /* GoogleService-Info.plist */; };
		3F4818781E624C8700BEE62F /* User.swift in Sources */ = {isa = PBXBuildFile; fileRef = 3F4818771E624C8700BEE62F /* User.swift */; };
		571F386C9822B6F695C38E01 /* Pods_o_toolkit.framework in Frameworks */ = {isa = PBXBuildFile; fileRef = FACB5C148F48A84CFF85F318 /* Pods_o_toolkit.framework */; settings = {ATTRIBUTES = (Required, ); }; };
/* End PBXBuildFile section */

/* Begin PBXContainerItemProxy section */
		3F26CCE51E59028D0016CFC8 /* PBXContainerItemProxy */ = {
			isa = PBXContainerItemProxy;
			containerPortal = 3F26CCC51E59028D0016CFC8 /* Project object */;
			proxyType = 1;
			remoteGlobalIDString = 3F26CCCC1E59028D0016CFC8;
			remoteInfo = o_toolkit;
		};
		3F26CCF01E59028D0016CFC8 /* PBXContainerItemProxy */ = {
			isa = PBXContainerItemProxy;
			containerPortal = 3F26CCC51E59028D0016CFC8 /* Project object */;
			proxyType = 1;
			remoteGlobalIDString = 3F26CCCC1E59028D0016CFC8;
			remoteInfo = o_toolkit;
		};
/* End PBXContainerItemProxy section */

/* Begin PBXFileReference section */
		16283F1D6C3B6E4156D2D5AB /* Pods-o_toolkitTests.debug.xcconfig */ = {isa = PBXFileReference; includeInIndex = 1; lastKnownFileType = text.xcconfig; name = "Pods-o_toolkitTests.debug.xcconfig"; path = "Pods/Target Support Files/Pods-o_toolkitTests/Pods-o_toolkitTests.debug.xcconfig"; sourceTree = "<group>"; };
		1C9135AAB7BD7F82FC9C0435 /* Pods_o_toolkitUITests.framework */ = {isa = PBXFileReference; explicitFileType = wrapper.framework; includeInIndex = 0; path = Pods_o_toolkitUITests.framework; sourceTree = BUILT_PRODUCTS_DIR; };
		3F26CCCD1E59028D0016CFC8 /* o_toolkit.app */ = {isa = PBXFileReference; explicitFileType = wrapper.application; includeInIndex = 0; path = o_toolkit.app; sourceTree = BUILT_PRODUCTS_DIR; };
		3F26CCD01E59028D0016CFC8 /* AppDelegate.swift */ = {isa = PBXFileReference; lastKnownFileType = sourcecode.swift; path = AppDelegate.swift; sourceTree = "<group>"; };
		3F26CCD21E59028D0016CFC8 /* ViewController.swift */ = {isa = PBXFileReference; lastKnownFileType = sourcecode.swift; path = ViewController.swift; sourceTree = "<group>"; };
		3F26CCD51E59028D0016CFC8 /* Base */ = {isa = PBXFileReference; lastKnownFileType = file.storyboard; name = Base; path = Base.lproj/Main.storyboard; sourceTree = "<group>"; };
		3F26CCD81E59028D0016CFC8 /* o_toolkit.xcdatamodel */ = {isa = PBXFileReference; lastKnownFileType = wrapper.xcdatamodel; path = o_toolkit.xcdatamodel; sourceTree = "<group>"; };
		3F26CCDA1E59028D0016CFC8 /* Assets.xcassets */ = {isa = PBXFileReference; lastKnownFileType = folder.assetcatalog; path = Assets.xcassets; sourceTree = "<group>"; };
		3F26CCDD1E59028D0016CFC8 /* Base */ = {isa = PBXFileReference; lastKnownFileType = file.storyboard; name = Base; path = Base.lproj/LaunchScreen.storyboard; sourceTree = "<group>"; };
		3F26CCDF1E59028D0016CFC8 /* Info.plist */ = {isa = PBXFileReference; lastKnownFileType = text.plist.xml; path = Info.plist; sourceTree = "<group>"; };
		3F26CCE41E59028D0016CFC8 /* o_toolkitTests.xctest */ = {isa = PBXFileReference; explicitFileType = wrapper.cfbundle; includeInIndex = 0; path = o_toolkitTests.xctest; sourceTree = BUILT_PRODUCTS_DIR; };
		3F26CCE81E59028D0016CFC8 /* o_toolkitTests.swift */ = {isa = PBXFileReference; lastKnownFileType = sourcecode.swift; path = o_toolkitTests.swift; sourceTree = "<group>"; };
		3F26CCEA1E59028D0016CFC8 /* Info.plist */ = {isa = PBXFileReference; lastKnownFileType = text.plist.xml; path = Info.plist; sourceTree = "<group>"; };
		3F26CCEF1E59028D0016CFC8 /* o_toolkitUITests.xctest */ = {isa = PBXFileReference; explicitFileType = wrapper.cfbundle; includeInIndex = 0; path = o_toolkitUITests.xctest; sourceTree = BUILT_PRODUCTS_DIR; };
		3F26CCF31E59028D0016CFC8 /* o_toolkitUITests.swift */ = {isa = PBXFileReference; lastKnownFileType = sourcecode.swift; path = o_toolkitUITests.swift; sourceTree = "<group>"; };
		3F26CCF51E59028D0016CFC8 /* Info.plist */ = {isa = PBXFileReference; lastKnownFileType = text.plist.xml; path = Info.plist; sourceTree = "<group>"; };
		3F2DCDED1E62460900B32F8F /* OrgPageViewController.swift */ = {isa = PBXFileReference; fileEncoding = 4; lastKnownFileType = sourcecode.swift; path = OrgPageViewController.swift; sourceTree = "<group>"; };
		3F38D9661E590A8E00863AD9 /* SignUpController.swift */ = {isa = PBXFileReference; fileEncoding = 4; lastKnownFileType = sourcecode.swift; path = SignUpController.swift; sourceTree = "<group>"; };
		3F38D96A1E591C8800863AD9 /* ToolTableViewController.swift */ = {isa = PBXFileReference; fileEncoding = 4; lastKnownFileType = sourcecode.swift; name = ToolTableViewController.swift; path = ../ToolTableViewController.swift; sourceTree = "<group>"; };
		3F38D96C1E5921CB00863AD9 /* GoogleService-Info.plist */ = {isa = PBXFileReference; fileEncoding = 4; lastKnownFileType = text.plist.xml; path = "GoogleService-Info.plist"; sourceTree = "<group>"; };
		3F4818771E624C8700BEE62F /* User.swift */ = {isa = PBXFileReference; fileEncoding = 4; lastKnownFileType = sourcecode.swift; path = User.swift; sourceTree = "<group>"; };
		71680B4A45E31F5ACF266A39 /* Pods-o_toolkitTests.release.xcconfig */ = {isa = PBXFileReference; includeInIndex = 1; lastKnownFileType = text.xcconfig; name = "Pods-o_toolkitTests.release.xcconfig"; path = "Pods/Target Support Files/Pods-o_toolkitTests/Pods-o_toolkitTests.release.xcconfig"; sourceTree = "<group>"; };
		886F2ED27098D4963E9D8341 /* Pods_o_toolkitTests.framework */ = {isa = PBXFileReference; explicitFileType = wrapper.framework; includeInIndex = 0; path = Pods_o_toolkitTests.framework; sourceTree = BUILT_PRODUCTS_DIR; };
		AC5FAABB1D93FC299ABF5BAD /* Pods-o_toolkit.release.xcconfig */ = {isa = PBXFileReference; includeInIndex = 1; lastKnownFileType = text.xcconfig; name = "Pods-o_toolkit.release.xcconfig"; path = "Pods/Target Support Files/Pods-o_toolkit/Pods-o_toolkit.release.xcconfig"; sourceTree = "<group>"; };
		BEB6C8093E9A3407B8C1FB81 /* Pods-o_toolkitUITests.debug.xcconfig */ = {isa = PBXFileReference; includeInIndex = 1; lastKnownFileType = text.xcconfig; name = "Pods-o_toolkitUITests.debug.xcconfig"; path = "Pods/Target Support Files/Pods-o_toolkitUITests/Pods-o_toolkitUITests.debug.xcconfig"; sourceTree = "<group>"; };
		D03A5C6A6D4C7756C465ADA6 /* Pods-o_toolkitUITests.release.xcconfig */ = {isa = PBXFileReference; includeInIndex = 1; lastKnownFileType = text.xcconfig; name = "Pods-o_toolkitUITests.release.xcconfig"; path = "Pods/Target Support Files/Pods-o_toolkitUITests/Pods-o_toolkitUITests.release.xcconfig"; sourceTree = "<group>"; };
		D0D650B3D203EE55F1EB9917 /* Pods-o_toolkit.debug.xcconfig */ = {isa = PBXFileReference; includeInIndex = 1; lastKnownFileType = text.xcconfig; name = "Pods-o_toolkit.debug.xcconfig"; path = "Pods/Target Support Files/Pods-o_toolkit/Pods-o_toolkit.debug.xcconfig"; sourceTree = "<group>"; };
		FACB5C148F48A84CFF85F318 /* Pods_o_toolkit.framework */ = {isa = PBXFileReference; explicitFileType = wrapper.framework; includeInIndex = 0; path = Pods_o_toolkit.framework; sourceTree = BUILT_PRODUCTS_DIR; };
/* End PBXFileReference section */

/* Begin PBXFrameworksBuildPhase section */
		3F26CCCA1E59028D0016CFC8 /* Frameworks */ = {
			isa = PBXFrameworksBuildPhase;
			buildActionMask = 2147483647;
			files = (
				571F386C9822B6F695C38E01 /* Pods_o_toolkit.framework in Frameworks */,
			);
			runOnlyForDeploymentPostprocessing = 0;
		};
		3F26CCE11E59028D0016CFC8 /* Frameworks */ = {
			isa = PBXFrameworksBuildPhase;
			buildActionMask = 2147483647;
			files = (
				22354CCAA3C2FB18B1F55649 /* Pods_o_toolkitTests.framework in Frameworks */,
			);
			runOnlyForDeploymentPostprocessing = 0;
		};
		3F26CCEC1E59028D0016CFC8 /* Frameworks */ = {
			isa = PBXFrameworksBuildPhase;
			buildActionMask = 2147483647;
			files = (
				36605A7D5FD2E99894366BE4 /* Pods_o_toolkitUITests.framework in Frameworks */,
			);
			runOnlyForDeploymentPostprocessing = 0;
		};
/* End PBXFrameworksBuildPhase section */

/* Begin PBXGroup section */
		3F26CCC41E59028D0016CFC8 = {
			isa = PBXGroup;
			children = (
				3F26CCCF1E59028D0016CFC8 /* o_toolkit */,
				3F26CCE71E59028D0016CFC8 /* o_toolkitTests */,
				3F26CCF21E59028D0016CFC8 /* o_toolkitUITests */,
				3F26CCCE1E59028D0016CFC8 /* Products */,
				CF83D0D611E7B45B193492C0 /* Pods */,
				8504498B485290AC3436A8F4 /* Frameworks */,
			);
			sourceTree = "<group>";
		};
		3F26CCCE1E59028D0016CFC8 /* Products */ = {
			isa = PBXGroup;
			children = (
				3F26CCCD1E59028D0016CFC8 /* o_toolkit.app */,
				3F26CCE41E59028D0016CFC8 /* o_toolkitTests.xctest */,
				3F26CCEF1E59028D0016CFC8 /* o_toolkitUITests.xctest */,
			);
			name = Products;
			sourceTree = "<group>";
		};
		3F26CCCF1E59028D0016CFC8 /* o_toolkit */ = {
			isa = PBXGroup;
			children = (
				3F26CCD01E59028D0016CFC8 /* AppDelegate.swift */,
				3F38D96A1E591C8800863AD9 /* ToolTableViewController.swift */,
				3F26CCD21E59028D0016CFC8 /* ViewController.swift */,
				3F38D9661E590A8E00863AD9 /* SignUpController.swift */,
				3F2DCDED1E62460900B32F8F /* OrgPageViewController.swift */,
				3F26CCD41E59028D0016CFC8 /* Main.storyboard */,
				3F26CCDA1E59028D0016CFC8 /* Assets.xcassets */,
				3F26CCDC1E59028D0016CFC8 /* LaunchScreen.storyboard */,
				3F26CCDF1E59028D0016CFC8 /* Info.plist */,
				3F38D96C1E5921CB00863AD9 /* GoogleService-Info.plist */,
				3F26CCD71E59028D0016CFC8 /* o_toolkit.xcdatamodeld */,
				3F4818771E624C8700BEE62F /* User.swift */,
			);
			path = o_toolkit;
			sourceTree = "<group>";
		};
		3F26CCE71E59028D0016CFC8 /* o_toolkitTests */ = {
			isa = PBXGroup;
			children = (
				3F26CCE81E59028D0016CFC8 /* o_toolkitTests.swift */,
				3F26CCEA1E59028D0016CFC8 /* Info.plist */,
			);
			path = o_toolkitTests;
			sourceTree = "<group>";
		};
		3F26CCF21E59028D0016CFC8 /* o_toolkitUITests */ = {
			isa = PBXGroup;
			children = (
				3F26CCF31E59028D0016CFC8 /* o_toolkitUITests.swift */,
				3F26CCF51E59028D0016CFC8 /* Info.plist */,
			);
			path = o_toolkitUITests;
			sourceTree = "<group>";
		};
		8504498B485290AC3436A8F4 /* Frameworks */ = {
			isa = PBXGroup;
			children = (
				FACB5C148F48A84CFF85F318 /* Pods_o_toolkit.framework */,
				886F2ED27098D4963E9D8341 /* Pods_o_toolkitTests.framework */,
				1C9135AAB7BD7F82FC9C0435 /* Pods_o_toolkitUITests.framework */,
			);
			name = Frameworks;
			sourceTree = "<group>";
		};
		CF83D0D611E7B45B193492C0 /* Pods */ = {
			isa = PBXGroup;
			children = (
				D0D650B3D203EE55F1EB9917 /* Pods-o_toolkit.debug.xcconfig */,
				AC5FAABB1D93FC299ABF5BAD /* Pods-o_toolkit.release.xcconfig */,
				16283F1D6C3B6E4156D2D5AB /* Pods-o_toolkitTests.debug.xcconfig */,
				71680B4A45E31F5ACF266A39 /* Pods-o_toolkitTests.release.xcconfig */,
				BEB6C8093E9A3407B8C1FB81 /* Pods-o_toolkitUITests.debug.xcconfig */,
				D03A5C6A6D4C7756C465ADA6 /* Pods-o_toolkitUITests.release.xcconfig */,
			);
			name = Pods;
			sourceTree = "<group>";
		};
/* End PBXGroup section */

/* Begin PBXNativeTarget section */
		3F26CCCC1E59028D0016CFC8 /* o_toolkit */ = {
			isa = PBXNativeTarget;
			buildConfigurationList = 3F26CCF81E59028D0016CFC8 /* Build configuration list for PBXNativeTarget "o_toolkit" */;
			buildPhases = (
				ED9F5040D371BC5C708F3DC0 /* [CP] Check Pods Manifest.lock */,
				3F26CCC91E59028D0016CFC8 /* Sources */,
				3F26CCCA1E59028D0016CFC8 /* Frameworks */,
				3F26CCCB1E59028D0016CFC8 /* Resources */,
				46DB15D5D9FC2788ADB775B1 /* [CP] Embed Pods Frameworks */,
				349AB91E1C74D9CA7281B81D /* [CP] Copy Pods Resources */,
			);
			buildRules = (
			);
			dependencies = (
			);
			name = o_toolkit;
			productName = o_toolkit;
			productReference = 3F26CCCD1E59028D0016CFC8 /* o_toolkit.app */;
			productType = "com.apple.product-type.application";
		};
		3F26CCE31E59028D0016CFC8 /* o_toolkitTests */ = {
			isa = PBXNativeTarget;
			buildConfigurationList = 3F26CCFB1E59028D0016CFC8 /* Build configuration list for PBXNativeTarget "o_toolkitTests" */;
			buildPhases = (
				2EE927D8BBC49BAB5EE72CC1 /* [CP] Check Pods Manifest.lock */,
				3F26CCE01E59028D0016CFC8 /* Sources */,
				3F26CCE11E59028D0016CFC8 /* Frameworks */,
				3F26CCE21E59028D0016CFC8 /* Resources */,
				C199ECD96D695EA011683EDE /* [CP] Embed Pods Frameworks */,
				40DF677FDA2CEBF774EDE12C /* [CP] Copy Pods Resources */,
			);
			buildRules = (
			);
			dependencies = (
				3F26CCE61E59028D0016CFC8 /* PBXTargetDependency */,
			);
			name = o_toolkitTests;
			productName = o_toolkitTests;
			productReference = 3F26CCE41E59028D0016CFC8 /* o_toolkitTests.xctest */;
			productType = "com.apple.product-type.bundle.unit-test";
		};
		3F26CCEE1E59028D0016CFC8 /* o_toolkitUITests */ = {
			isa = PBXNativeTarget;
			buildConfigurationList = 3F26CCFE1E59028D0016CFC8 /* Build configuration list for PBXNativeTarget "o_toolkitUITests" */;
			buildPhases = (
				065EC7A78E277A50D8A413CC /* [CP] Check Pods Manifest.lock */,
				3F26CCEB1E59028D0016CFC8 /* Sources */,
				3F26CCEC1E59028D0016CFC8 /* Frameworks */,
				3F26CCED1E59028D0016CFC8 /* Resources */,
				EE4789B9F766715CD06ACB9F /* [CP] Embed Pods Frameworks */,
				F9DEC5B9EAF94AA5A1EDCC18 /* [CP] Copy Pods Resources */,
			);
			buildRules = (
			);
			dependencies = (
				3F26CCF11E59028D0016CFC8 /* PBXTargetDependency */,
			);
			name = o_toolkitUITests;
			productName = o_toolkitUITests;
			productReference = 3F26CCEF1E59028D0016CFC8 /* o_toolkitUITests.xctest */;
			productType = "com.apple.product-type.bundle.ui-testing";
		};
/* End PBXNativeTarget section */

/* Begin PBXProject section */
		3F26CCC51E59028D0016CFC8 /* Project object */ = {
			isa = PBXProject;
			attributes = {
				LastSwiftUpdateCheck = 0820;
				LastUpgradeCheck = 0820;
				ORGANIZATIONNAME = wow;
				TargetAttributes = {
					3F26CCCC1E59028D0016CFC8 = {
						CreatedOnToolsVersion = 8.2.1;
						ProvisioningStyle = Automatic;
					};
					3F26CCE31E59028D0016CFC8 = {
						CreatedOnToolsVersion = 8.2.1;
						ProvisioningStyle = Automatic;
						TestTargetID = 3F26CCCC1E59028D0016CFC8;
					};
					3F26CCEE1E59028D0016CFC8 = {
						CreatedOnToolsVersion = 8.2.1;
						ProvisioningStyle = Automatic;
						TestTargetID = 3F26CCCC1E59028D0016CFC8;
					};
				};
			};
			buildConfigurationList = 3F26CCC81E59028D0016CFC8 /* Build configuration list for PBXProject "o_toolkit" */;
			compatibilityVersion = "Xcode 3.2";
			developmentRegion = English;
			hasScannedForEncodings = 0;
			knownRegions = (
				en,
				Base,
			);
			mainGroup = 3F26CCC41E59028D0016CFC8;
			productRefGroup = 3F26CCCE1E59028D0016CFC8 /* Products */;
			projectDirPath = "";
			projectRoot = "";
			targets = (
				3F26CCCC1E59028D0016CFC8 /* o_toolkit */,
				3F26CCE31E59028D0016CFC8 /* o_toolkitTests */,
				3F26CCEE1E59028D0016CFC8 /* o_toolkitUITests */,
			);
		};
/* End PBXProject section */

/* Begin PBXResourcesBuildPhase section */
		3F26CCCB1E59028D0016CFC8 /* Resources */ = {
			isa = PBXResourcesBuildPhase;
			buildActionMask = 2147483647;
			files = (
				3F26CCDE1E59028D0016CFC8 /* LaunchScreen.storyboard in Resources */,
				3F38D96D1E5921CB00863AD9 /* GoogleService-Info.plist in Resources */,
				3F26CCDB1E59028D0016CFC8 /* Assets.xcassets in Resources */,
				3F26CCD61E59028D0016CFC8 /* Main.storyboard in Resources */,
			);
			runOnlyForDeploymentPostprocessing = 0;
		};
		3F26CCE21E59028D0016CFC8 /* Resources */ = {
			isa = PBXResourcesBuildPhase;
			buildActionMask = 2147483647;
			files = (
			);
			runOnlyForDeploymentPostprocessing = 0;
		};
		3F26CCED1E59028D0016CFC8 /* Resources */ = {
			isa = PBXResourcesBuildPhase;
			buildActionMask = 2147483647;
			files = (
			);
			runOnlyForDeploymentPostprocessing = 0;
		};
/* End PBXResourcesBuildPhase section */

/* Begin PBXShellScriptBuildPhase section */
		065EC7A78E277A50D8A413CC /* [CP] Check Pods Manifest.lock */ = {
			isa = PBXShellScriptBuildPhase;
			buildActionMask = 2147483647;
			files = (
			);
			inputPaths = (
			);
			name = "[CP] Check Pods Manifest.lock";
			outputPaths = (
			);
			runOnlyForDeploymentPostprocessing = 0;
			shellPath = /bin/sh;
			shellScript = "diff \"${PODS_ROOT}/../Podfile.lock\" \"${PODS_ROOT}/Manifest.lock\" > /dev/null\nif [ $? != 0 ] ; then\n    # print error to STDERR\n    echo \"error: The sandbox is not in sync with the Podfile.lock. Run 'pod install' or update your CocoaPods installation.\" >&2\n    exit 1\nfi\n";
			showEnvVarsInLog = 0;
		};
		2EE927D8BBC49BAB5EE72CC1 /* [CP] Check Pods Manifest.lock */ = {
			isa = PBXShellScriptBuildPhase;
			buildActionMask = 2147483647;
			files = (
			);
			inputPaths = (
			);
			name = "[CP] Check Pods Manifest.lock";
			outputPaths = (
			);
			runOnlyForDeploymentPostprocessing = 0;
			shellPath = /bin/sh;
			shellScript = "diff \"${PODS_ROOT}/../Podfile.lock\" \"${PODS_ROOT}/Manifest.lock\" > /dev/null\nif [ $? != 0 ] ; then\n    # print error to STDERR\n    echo \"error: The sandbox is not in sync with the Podfile.lock. Run 'pod install' or update your CocoaPods installation.\" >&2\n    exit 1\nfi\n";
			showEnvVarsInLog = 0;
		};
		349AB91E1C74D9CA7281B81D /* [CP] Copy Pods Resources */ = {
			isa = PBXShellScriptBuildPhase;
			buildActionMask = 2147483647;
			files = (
			);
			inputPaths = (
			);
			name = "[CP] Copy Pods Resources";
			outputPaths = (
			);
			runOnlyForDeploymentPostprocessing = 0;
			shellPath = /bin/sh;
			shellScript = "\"${SRCROOT}/Pods/Target Support Files/Pods-o_toolkit/Pods-o_toolkit-resources.sh\"\n";
			showEnvVarsInLog = 0;
		};
		40DF677FDA2CEBF774EDE12C /* [CP] Copy Pods Resources */ = {
			isa = PBXShellScriptBuildPhase;
			buildActionMask = 2147483647;
			files = (
			);
			inputPaths = (
			);
			name = "[CP] Copy Pods Resources";
			outputPaths = (
			);
			runOnlyForDeploymentPostprocessing = 0;
			shellPath = /bin/sh;
			shellScript = "\"${SRCROOT}/Pods/Target Support Files/Pods-o_toolkitTests/Pods-o_toolkitTests-resources.sh\"\n";
			showEnvVarsInLog = 0;
		};
		46DB15D5D9FC2788ADB775B1 /* [CP] Embed Pods Frameworks */ = {
			isa = PBXShellScriptBuildPhase;
			buildActionMask = 2147483647;
			files = (
			);
			inputPaths = (
			);
			name = "[CP] Embed Pods Frameworks";
			outputPaths = (
			);
			runOnlyForDeploymentPostprocessing = 0;
			shellPath = /bin/sh;
			shellScript = "\"${SRCROOT}/Pods/Target Support Files/Pods-o_toolkit/Pods-o_toolkit-frameworks.sh\"\n";
			showEnvVarsInLog = 0;
		};
		C199ECD96D695EA011683EDE /* [CP] Embed Pods Frameworks */ = {
			isa = PBXShellScriptBuildPhase;
			buildActionMask = 2147483647;
			files = (
			);
			inputPaths = (
			);
			name = "[CP] Embed Pods Frameworks";
			outputPaths = (
			);
			runOnlyForDeploymentPostprocessing = 0;
			shellPath = /bin/sh;
			shellScript = "\"${SRCROOT}/Pods/Target Support Files/Pods-o_toolkitTests/Pods-o_toolkitTests-frameworks.sh\"\n";
			showEnvVarsInLog = 0;
		};
		ED9F5040D371BC5C708F3DC0 /* [CP] Check Pods Manifest.lock */ = {
			isa = PBXShellScriptBuildPhase;
			buildActionMask = 2147483647;
			files = (
			);
			inputPaths = (
			);
			name = "[CP] Check Pods Manifest.lock";
			outputPaths = (
			);
			runOnlyForDeploymentPostprocessing = 0;
			shellPath = /bin/sh;
			shellScript = "diff \"${PODS_ROOT}/../Podfile.lock\" \"${PODS_ROOT}/Manifest.lock\" > /dev/null\nif [ $? != 0 ] ; then\n    # print error to STDERR\n    echo \"error: The sandbox is not in sync with the Podfile.lock. Run 'pod install' or update your CocoaPods installation.\" >&2\n    exit 1\nfi\n";
			showEnvVarsInLog = 0;
		};
		EE4789B9F766715CD06ACB9F /* [CP] Embed Pods Frameworks */ = {
			isa = PBXShellScriptBuildPhase;
			buildActionMask = 2147483647;
			files = (
			);
			inputPaths = (
			);
			name = "[CP] Embed Pods Frameworks";
			outputPaths = (
			);
			runOnlyForDeploymentPostprocessing = 0;
			shellPath = /bin/sh;
			shellScript = "\"${SRCROOT}/Pods/Target Support Files/Pods-o_toolkitUITests/Pods-o_toolkitUITests-frameworks.sh\"\n";
			showEnvVarsInLog = 0;
		};
		F9DEC5B9EAF94AA5A1EDCC18 /* [CP] Copy Pods Resources */ = {
			isa = PBXShellScriptBuildPhase;
			buildActionMask = 2147483647;
			files = (
			);
			inputPaths = (
			);
			name = "[CP] Copy Pods Resources";
			outputPaths = (
			);
			runOnlyForDeploymentPostprocessing = 0;
			shellPath = /bin/sh;
			shellScript = "\"${SRCROOT}/Pods/Target Support Files/Pods-o_toolkitUITests/Pods-o_toolkitUITests-resources.sh\"\n";
			showEnvVarsInLog = 0;
		};
/* End PBXShellScriptBuildPhase section */

/* Begin PBXSourcesBuildPhase section */
		3F26CCC91E59028D0016CFC8 /* Sources */ = {
			isa = PBXSourcesBuildPhase;
			buildActionMask = 2147483647;
			files = (
				3F26CCD31E59028D0016CFC8 /* ViewController.swift in Sources */,
				3F26CCD91E59028D0016CFC8 /* o_toolkit.xcdatamodeld in Sources */,
				3F2DCDEE1E62460900B32F8F /* OrgPageViewController.swift in Sources */,
				3F26CCD11E59028D0016CFC8 /* AppDelegate.swift in Sources */,
				3F38D96B1E591C8800863AD9 /* ToolTableViewController.swift in Sources */,
				3F38D9671E590A8E00863AD9 /* SignUpController.swift in Sources */,
				3F4818781E624C8700BEE62F /* User.swift in Sources */,
			);
			runOnlyForDeploymentPostprocessing = 0;
		};
		3F26CCE01E59028D0016CFC8 /* Sources */ = {
			isa = PBXSourcesBuildPhase;
			buildActionMask = 2147483647;
			files = (
				3F26CCE91E59028D0016CFC8 /* o_toolkitTests.swift in Sources */,
			);
			runOnlyForDeploymentPostprocessing = 0;
		};
		3F26CCEB1E59028D0016CFC8 /* Sources */ = {
			isa = PBXSourcesBuildPhase;
			buildActionMask = 2147483647;
			files = (
				3F26CCF41E59028D0016CFC8 /* o_toolkitUITests.swift in Sources */,
			);
			runOnlyForDeploymentPostprocessing = 0;
		};
/* End PBXSourcesBuildPhase section */

/* Begin PBXTargetDependency section */
		3F26CCE61E59028D0016CFC8 /* PBXTargetDependency */ = {
			isa = PBXTargetDependency;
			target = 3F26CCCC1E59028D0016CFC8 /* o_toolkit */;
			targetProxy = 3F26CCE51E59028D0016CFC8 /* PBXContainerItemProxy */;
		};
		3F26CCF11E59028D0016CFC8 /* PBXTargetDependency */ = {
			isa = PBXTargetDependency;
			target = 3F26CCCC1E59028D0016CFC8 /* o_toolkit */;
			targetProxy = 3F26CCF01E59028D0016CFC8 /* PBXContainerItemProxy */;
		};
/* End PBXTargetDependency section */

/* Begin PBXVariantGroup section */
		3F26CCD41E59028D0016CFC8 /* Main.storyboard */ = {
			isa = PBXVariantGroup;
			children = (
				3F26CCD51E59028D0016CFC8 /* Base */,
			);
			name = Main.storyboard;
			sourceTree = "<group>";
		};
		3F26CCDC1E59028D0016CFC8 /* LaunchScreen.storyboard */ = {
			isa = PBXVariantGroup;
			children = (
				3F26CCDD1E59028D0016CFC8 /* Base */,
			);
			name = LaunchScreen.storyboard;
			sourceTree = "<group>";
		};
/* End PBXVariantGroup section */

/* Begin XCBuildConfiguration section */
		3F26CCF61E59028D0016CFC8 /* Debug */ = {
			isa = XCBuildConfiguration;
			buildSettings = {
				ALWAYS_SEARCH_USER_PATHS = NO;
				CLANG_ANALYZER_NONNULL = YES;
				CLANG_CXX_LANGUAGE_STANDARD = "gnu++0x";
				CLANG_CXX_LIBRARY = "libc++";
				CLANG_ENABLE_MODULES = YES;
				CLANG_ENABLE_OBJC_ARC = YES;
				CLANG_WARN_BOOL_CONVERSION = YES;
				CLANG_WARN_CONSTANT_CONVERSION = YES;
				CLANG_WARN_DIRECT_OBJC_ISA_USAGE = YES_ERROR;
				CLANG_WARN_DOCUMENTATION_COMMENTS = YES;
				CLANG_WARN_EMPTY_BODY = YES;
				CLANG_WARN_ENUM_CONVERSION = YES;
				CLANG_WARN_INFINITE_RECURSION = YES;
				CLANG_WARN_INT_CONVERSION = YES;
				CLANG_WARN_OBJC_ROOT_CLASS = YES_ERROR;
				CLANG_WARN_SUSPICIOUS_MOVE = YES;
				CLANG_WARN_UNREACHABLE_CODE = YES;
				CLANG_WARN__DUPLICATE_METHOD_MATCH = YES;
				"CODE_SIGN_IDENTITY[sdk=iphoneos*]" = "iPhone Developer";
				COPY_PHASE_STRIP = NO;
				DEBUG_INFORMATION_FORMAT = dwarf;
				ENABLE_STRICT_OBJC_MSGSEND = YES;
				ENABLE_TESTABILITY = YES;
				GCC_C_LANGUAGE_STANDARD = gnu99;
				GCC_DYNAMIC_NO_PIC = NO;
				GCC_NO_COMMON_BLOCKS = YES;
				GCC_OPTIMIZATION_LEVEL = 0;
				GCC_PREPROCESSOR_DEFINITIONS = (
					"DEBUG=1",
					"$(inherited)",
				);
				GCC_WARN_64_TO_32_BIT_CONVERSION = YES;
				GCC_WARN_ABOUT_RETURN_TYPE = YES_ERROR;
				GCC_WARN_UNDECLARED_SELECTOR = YES;
				GCC_WARN_UNINITIALIZED_AUTOS = YES_AGGRESSIVE;
				GCC_WARN_UNUSED_FUNCTION = YES;
				GCC_WARN_UNUSED_VARIABLE = YES;
				IPHONEOS_DEPLOYMENT_TARGET = 10.2;
				MTL_ENABLE_DEBUG_INFO = YES;
				ONLY_ACTIVE_ARCH = YES;
				SDKROOT = iphoneos;
				SWIFT_ACTIVE_COMPILATION_CONDITIONS = DEBUG;
				SWIFT_OPTIMIZATION_LEVEL = "-Onone";
				TARGETED_DEVICE_FAMILY = "1,2";
			};
			name = Debug;
		};
		3F26CCF71E59028D0016CFC8 /* Release */ = {
			isa = XCBuildConfiguration;
			buildSettings = {
				ALWAYS_SEARCH_USER_PATHS = NO;
				CLANG_ANALYZER_NONNULL = YES;
				CLANG_CXX_LANGUAGE_STANDARD = "gnu++0x";
				CLANG_CXX_LIBRARY = "libc++";
				CLANG_ENABLE_MODULES = YES;
				CLANG_ENABLE_OBJC_ARC = YES;
				CLANG_WARN_BOOL_CONVERSION = YES;
				CLANG_WARN_CONSTANT_CONVERSION = YES;
				CLANG_WARN_DIRECT_OBJC_ISA_USAGE = YES_ERROR;
				CLANG_WARN_DOCUMENTATION_COMMENTS = YES;
				CLANG_WARN_EMPTY_BODY = YES;
				CLANG_WARN_ENUM_CONVERSION = YES;
				CLANG_WARN_INFINITE_RECURSION = YES;
				CLANG_WARN_INT_CONVERSION = YES;
				CLANG_WARN_OBJC_ROOT_CLASS = YES_ERROR;
				CLANG_WARN_SUSPICIOUS_MOVE = YES;
				CLANG_WARN_UNREACHABLE_CODE = YES;
				CLANG_WARN__DUPLICATE_METHOD_MATCH = YES;
				"CODE_SIGN_IDENTITY[sdk=iphoneos*]" = "iPhone Developer";
				COPY_PHASE_STRIP = NO;
				DEBUG_INFORMATION_FORMAT = "dwarf-with-dsym";
				ENABLE_NS_ASSERTIONS = NO;
				ENABLE_STRICT_OBJC_MSGSEND = YES;
				GCC_C_LANGUAGE_STANDARD = gnu99;
				GCC_NO_COMMON_BLOCKS = YES;
				GCC_WARN_64_TO_32_BIT_CONVERSION = YES;
				GCC_WARN_ABOUT_RETURN_TYPE = YES_ERROR;
				GCC_WARN_UNDECLARED_SELECTOR = YES;
				GCC_WARN_UNINITIALIZED_AUTOS = YES_AGGRESSIVE;
				GCC_WARN_UNUSED_FUNCTION = YES;
				GCC_WARN_UNUSED_VARIABLE = YES;
				IPHONEOS_DEPLOYMENT_TARGET = 10.2;
				MTL_ENABLE_DEBUG_INFO = NO;
				SDKROOT = iphoneos;
				SWIFT_OPTIMIZATION_LEVEL = "-Owholemodule";
				TARGETED_DEVICE_FAMILY = "1,2";
				VALIDATE_PRODUCT = YES;
			};
			name = Release;
		};
		3F26CCF91E59028D0016CFC8 /* Debug */ = {
			isa = XCBuildConfiguration;
			baseConfigurationReference = D0D650B3D203EE55F1EB9917 /* Pods-o_toolkit.debug.xcconfig */;
			buildSettings = {
				ASSETCATALOG_COMPILER_APPICON_NAME = AppIcon;
				INFOPLIST_FILE = o_toolkit/Info.plist;
				LD_RUNPATH_SEARCH_PATHS = "$(inherited) @executable_path/Frameworks";
				PRODUCT_BUNDLE_IDENTIFIER = "wow.o-toolkit";
				PRODUCT_NAME = "$(TARGET_NAME)";
				SWIFT_VERSION = 3.0;
			};
			name = Debug;
		};
		3F26CCFA1E59028D0016CFC8 /* Release */ = {
			isa = XCBuildConfiguration;
			baseConfigurationReference = AC5FAABB1D93FC299ABF5BAD /* Pods-o_toolkit.release.xcconfig */;
			buildSettings = {
				ASSETCATALOG_COMPILER_APPICON_NAME = AppIcon;
				INFOPLIST_FILE = o_toolkit/Info.plist;
				LD_RUNPATH_SEARCH_PATHS = "$(inherited) @executable_path/Frameworks";
				PRODUCT_BUNDLE_IDENTIFIER = "wow.o-toolkit";
				PRODUCT_NAME = "$(TARGET_NAME)";
				SWIFT_VERSION = 3.0;
			};
			name = Release;
		};
		3F26CCFC1E59028D0016CFC8 /* Debug */ = {
			isa = XCBuildConfiguration;
			baseConfigurationReference = 16283F1D6C3B6E4156D2D5AB /* Pods-o_toolkitTests.debug.xcconfig */;
			buildSettings = {
				ALWAYS_EMBED_SWIFT_STANDARD_LIBRARIES = YES;
				BUNDLE_LOADER = "$(TEST_HOST)";
				INFOPLIST_FILE = o_toolkitTests/Info.plist;
				LD_RUNPATH_SEARCH_PATHS = "$(inherited) @executable_path/Frameworks @loader_path/Frameworks";
				PRODUCT_BUNDLE_IDENTIFIER = "wow.o-toolkitTests";
				PRODUCT_NAME = "$(TARGET_NAME)";
				SWIFT_VERSION = 3.0;
				TEST_HOST = "$(BUILT_PRODUCTS_DIR)/o_toolkit.app/o_toolkit";
			};
			name = Debug;
		};
		3F26CCFD1E59028D0016CFC8 /* Release */ = {
			isa = XCBuildConfiguration;
			baseConfigurationReference = 71680B4A45E31F5ACF266A39 /* Pods-o_toolkitTests.release.xcconfig */;
			buildSettings = {
				ALWAYS_EMBED_SWIFT_STANDARD_LIBRARIES = YES;
				BUNDLE_LOADER = "$(TEST_HOST)";
				INFOPLIST_FILE = o_toolkitTests/Info.plist;
				LD_RUNPATH_SEARCH_PATHS = "$(inherited) @executable_path/Frameworks @loader_path/Frameworks";
				PRODUCT_BUNDLE_IDENTIFIER = "wow.o-toolkitTests";
				PRODUCT_NAME = "$(TARGET_NAME)";
				SWIFT_VERSION = 3.0;
				TEST_HOST = "$(BUILT_PRODUCTS_DIR)/o_toolkit.app/o_toolkit";
			};
			name = Release;
		};
		3F26CCFF1E59028D0016CFC8 /* Debug */ = {
			isa = XCBuildConfiguration;
			baseConfigurationReference = BEB6C8093E9A3407B8C1FB81 /* Pods-o_toolkitUITests.debug.xcconfig */;
			buildSettings = {
				ALWAYS_EMBED_SWIFT_STANDARD_LIBRARIES = YES;
				INFOPLIST_FILE = o_toolkitUITests/Info.plist;
				LD_RUNPATH_SEARCH_PATHS = "$(inherited) @executable_path/Frameworks @loader_path/Frameworks";
				PRODUCT_BUNDLE_IDENTIFIER = "wow.o-toolkitUITests";
				PRODUCT_NAME = "$(TARGET_NAME)";
				SWIFT_VERSION = 3.0;
				TEST_TARGET_NAME = o_toolkit;
			};
			name = Debug;
		};
		3F26CD001E59028D0016CFC8 /* Release */ = {
			isa = XCBuildConfiguration;
			baseConfigurationReference = D03A5C6A6D4C7756C465ADA6 /* Pods-o_toolkitUITests.release.xcconfig */;
			buildSettings = {
				ALWAYS_EMBED_SWIFT_STANDARD_LIBRARIES = YES;
				INFOPLIST_FILE = o_toolkitUITests/Info.plist;
				LD_RUNPATH_SEARCH_PATHS = "$(inherited) @executable_path/Frameworks @loader_path/Frameworks";
				PRODUCT_BUNDLE_IDENTIFIER = "wow.o-toolkitUITests";
				PRODUCT_NAME = "$(TARGET_NAME)";
				SWIFT_VERSION = 3.0;
				TEST_TARGET_NAME = o_toolkit;
			};
			name = Release;
		};
/* End XCBuildConfiguration section */

/* Begin XCConfigurationList section */
		3F26CCC81E59028D0016CFC8 /* Build configuration list for PBXProject "o_toolkit" */ = {
			isa = XCConfigurationList;
			buildConfigurations = (
				3F26CCF61E59028D0016CFC8 /* Debug */,
				3F26CCF71E59028D0016CFC8 /* Release */,
			);
			defaultConfigurationIsVisible = 0;
			defaultConfigurationName = Release;
		};
		3F26CCF81E59028D0016CFC8 /* Build configuration list for PBXNativeTarget "o_toolkit" */ = {
			isa = XCConfigurationList;
			buildConfigurations = (
				3F26CCF91E59028D0016CFC8 /* Debug */,
				3F26CCFA1E59028D0016CFC8 /* Release */,
			);
			defaultConfigurationIsVisible = 0;
			defaultConfigurationName = Release;
		};
		3F26CCFB1E59028D0016CFC8 /* Build configuration list for PBXNativeTarget "o_toolkitTests" */ = {
			isa = XCConfigurationList;
			buildConfigurations = (
				3F26CCFC1E59028D0016CFC8 /* Debug */,
				3F26CCFD1E59028D0016CFC8 /* Release */,
			);
			defaultConfigurationIsVisible = 0;
			defaultConfigurationName = Release;
		};
		3F26CCFE1E59028D0016CFC8 /* Build configuration list for PBXNativeTarget "o_toolkitUITests" */ = {
			isa = XCConfigurationList;
			buildConfigurations = (
				3F26CCFF1E59028D0016CFC8 /* Debug */,
				3F26CD001E59028D0016CFC8 /* Release */,
			);
			defaultConfigurationIsVisible = 0;
			defaultConfigurationName = Release;
		};
/* End XCConfigurationList section */

/* Begin XCVersionGroup section */
		3F26CCD71E59028D0016CFC8 /* o_toolkit.xcdatamodeld */ = {
			isa = XCVersionGroup;
			children = (
				3F26CCD81E59028D0016CFC8 /* o_toolkit.xcdatamodel */,
			);
			currentVersion = 3F26CCD81E59028D0016CFC8 /* o_toolkit.xcdatamodel */;
			path = o_toolkit.xcdatamodeld;
			sourceTree = "<group>";
			versionGroupType = wrapper.xcdatamodel;
		};
/* End XCVersionGroup section */
	};
	rootObject = 3F26CCC51E59028D0016CFC8 /* Project object */;
}
